
Microsoft Visual Studio Solution File, Format Version 12.00
# Visual Studio Version 17
VisualStudioVersion = 17.8.34330.188
MinimumVisualStudioVersion = 10.0.40219.1
Project("{FAE04EC0-301F-11D3-BF4B-00C04F79EFBC}") = "CheckDataLibrary", "CheckDataLibrary.csproj", "{49D3B992-6D20-42CF-A2E8-4408C2C3D70C}"
EndProject
Project("{FAE04EC0-301F-11D3-BF4B-00C04F79EFBC}") = "VinCheckTests", "..\VinCheckTests\VinCheckTests.csproj", "{C1E2C35C-63D7-4AA0-A70E-8A179348CF01}"
EndProject
Global
	GlobalSection(SolutionConfigurationPlatforms) = preSolution
		Debug|Any CPU = Debug|Any CPU
		Release|Any CPU = Release|Any CPU
	EndGlobalSection
	GlobalSection(ProjectConfigurationPlatforms) = postSolution
		{49D3B992-6D20-42CF-A2E8-4408C2C3D70C}.Debug|Any CPU.ActiveCfg = Debug|Any CPU
		{49D3B992-6D20-42CF-A2E8-4408C2C3D70C}.Debug|Any CPU.Build.0 = Debug|Any CPU
		{49D3B992-6D20-42CF-A2E8-4408C2C3D70C}.Release|Any CPU.ActiveCfg = Release|Any CPU
		{49D3B992-6D20-42CF-A2E8-4408C2C3D70C}.Release|Any CPU.Build.0 = Release|Any CPU
		{C1E2C35C-63D7-4AA0-A70E-8A179348CF01}.Debug|Any CPU.ActiveCfg = Debug|Any CPU
		{C1E2C35C-63D7-4AA0-A70E-8A179348CF01}.Debug|Any CPU.Build.0 = Debug|Any CPU
		{C1E2C35C-63D7-4AA0-A70E-8A179348CF01}.Release|Any CPU.ActiveCfg = Release|Any CPU
		{C1E2C35C-63D7-4AA0-A70E-8A179348CF01}.Release|Any CPU.Build.0 = Release|Any CPU
	EndGlobalSection
	GlobalSection(SolutionProperties) = preSolution
		HideSolutionNode = FALSE
	EndGlobalSection
	GlobalSection(ExtensibilityGlobals) = postSolution
		SolutionGuid = {DAE4E803-5B25-42E3-A4F2-D58A34C0A5D1}
	EndGlobalSection
EndGlobal
