
Microsoft Visual Studio Solution File, Format Version 12.00
# Visual Studio Version 17
VisualStudioVersion = 17.14.36301.6 d17.14
MinimumVisualStudioVersion = 10.0.40219.1
Project("{FAE04EC0-301F-11D3-BF4B-00C04F79EFBC}") = "PasswordCheckerLibrary", "PasswordCheckerLibrary\PasswordCheckerLibrary.csproj", "{6D9C2759-D172-45F9-8D80-07418CB4D378}"
EndProject
Project("{FAE04EC0-301F-11D3-BF4B-00C04F79EFBC}") = "ValidatePasswordTest", "ValidatePasswordTest\ValidatePasswordTest.csproj", "{53F7A280-9137-4342-A0EC-DEBD746F2CBE}"
EndProject
Global
	GlobalSection(SolutionConfigurationPlatforms) = preSolution
		Debug|Any CPU = Debug|Any CPU
		Release|Any CPU = Release|Any CPU
	EndGlobalSection
	GlobalSection(ProjectConfigurationPlatforms) = postSolution
		{6D9C2759-D172-45F9-8D80-07418CB4D378}.Debug|Any CPU.ActiveCfg = Debug|Any CPU
		{6D9C2759-D172-45F9-8D80-07418CB4D378}.Debug|Any CPU.Build.0 = Debug|Any CPU
		{6D9C2759-D172-45F9-8D80-07418CB4D378}.Release|Any CPU.ActiveCfg = Release|Any CPU
		{6D9C2759-D172-45F9-8D80-07418CB4D378}.Release|Any CPU.Build.0 = Release|Any CPU
		{53F7A280-9137-4342-A0EC-DEBD746F2CBE}.Debug|Any CPU.ActiveCfg = Debug|Any CPU
		{53F7A280-9137-4342-A0EC-DEBD746F2CBE}.Debug|Any CPU.Build.0 = Debug|Any CPU
		{53F7A280-9137-4342-A0EC-DEBD746F2CBE}.Release|Any CPU.ActiveCfg = Release|Any CPU
		{53F7A280-9137-4342-A0EC-DEBD746F2CBE}.Release|Any CPU.Build.0 = Release|Any CPU
	EndGlobalSection
	GlobalSection(SolutionProperties) = preSolution
		HideSolutionNode = FALSE
	EndGlobalSection
	GlobalSection(ExtensibilityGlobals) = postSolution
		SolutionGuid = {6E489451-7E6D-4F4C-BBDB-8DF1C6E8DFB5}
	EndGlobalSection
EndGlobal
