
Microsoft Visual Studio Solution File, Format Version 12.00
# Visual Studio Version 17
VisualStudioVersion = 17.14.36301.6 d17.14
MinimumVisualStudioVersion = 10.0.40219.1
Project("{FAE04EC0-301F-11D3-BF4B-00C04F79EFBC}") = "WSUniversalLib", "WSUniversalLib\WSUniversalLib.csproj", "{9832EDA0-982A-496D-A487-D367AB496FEE}"
EndProject
Project("{FAE04EC0-301F-11D3-BF4B-00C04F79EFBC}") = "WSUniversalLibTests", "WSUniversalLibTests\WSUniversalLibTests.csproj", "{2E8E1C98-E0A8-48DF-9C95-6D44D779F845}"
EndProject
Global
	GlobalSection(SolutionConfigurationPlatforms) = preSolution
		Debug|Any CPU = Debug|Any CPU
		Release|Any CPU = Release|Any CPU
	EndGlobalSection
	GlobalSection(ProjectConfigurationPlatforms) = postSolution
		{9832EDA0-982A-496D-A487-D367AB496FEE}.Debug|Any CPU.ActiveCfg = Debug|Any CPU
		{9832EDA0-982A-496D-A487-D367AB496FEE}.Debug|Any CPU.Build.0 = Debug|Any CPU
		{9832EDA0-982A-496D-A487-D367AB496FEE}.Release|Any CPU.ActiveCfg = Release|Any CPU
		{9832EDA0-982A-496D-A487-D367AB496FEE}.Release|Any CPU.Build.0 = Release|Any CPU
		{2E8E1C98-E0A8-48DF-9C95-6D44D779F845}.Debug|Any CPU.ActiveCfg = Debug|Any CPU
		{2E8E1C98-E0A8-48DF-9C95-6D44D779F845}.Debug|Any CPU.Build.0 = Debug|Any CPU
		{2E8E1C98-E0A8-48DF-9C95-6D44D779F845}.Release|Any CPU.ActiveCfg = Release|Any CPU
		{2E8E1C98-E0A8-48DF-9C95-6D44D779F845}.Release|Any CPU.Build.0 = Release|Any CPU
	EndGlobalSection
	GlobalSection(SolutionProperties) = preSolution
		HideSolutionNode = FALSE
	EndGlobalSection
	GlobalSection(ExtensibilityGlobals) = postSolution
		SolutionGuid = {6C9FEB11-D9D4-4AEB-994F-44100B84240A}
	EndGlobalSection
EndGlobal
