
Microsoft Visual Studio Solution File, Format Version 12.00
# Visual Studio Version 17
VisualStudioVersion = 17.14.36301.6 d17.14
MinimumVisualStudioVersion = 10.0.40219.1
Project("{FAE04EC0-301F-11D3-BF4B-00C04F79EFBC}") = "SnilsValidatorLibrary", "SnilsValidatorLibrary\SnilsValidatorLibrary.csproj", "{4CEFA967-8346-48C8-98D8-5B339942BDFB}"
EndProject
Project("{FAE04EC0-301F-11D3-BF4B-00C04F79EFBC}") = "StringLibraryTests", "StringLibraryTests\StringLibraryTests.csproj", "{F7335067-1893-458E-AF49-D61E574AA56F}"
EndProject
Global
	GlobalSection(SolutionConfigurationPlatforms) = preSolution
		Debug|Any CPU = Debug|Any CPU
		Release|Any CPU = Release|Any CPU
	EndGlobalSection
	GlobalSection(ProjectConfigurationPlatforms) = postSolution
		{4CEFA967-8346-48C8-98D8-5B339942BDFB}.Debug|Any CPU.ActiveCfg = Debug|Any CPU
		{4CEFA967-8346-48C8-98D8-5B339942BDFB}.Debug|Any CPU.Build.0 = Debug|Any CPU
		{4CEFA967-8346-48C8-98D8-5B339942BDFB}.Release|Any CPU.ActiveCfg = Release|Any CPU
		{4CEFA967-8346-48C8-98D8-5B339942BDFB}.Release|Any CPU.Build.0 = Release|Any CPU
		{F7335067-1893-458E-AF49-D61E574AA56F}.Debug|Any CPU.ActiveCfg = Debug|Any CPU
		{F7335067-1893-458E-AF49-D61E574AA56F}.Debug|Any CPU.Build.0 = Debug|Any CPU
		{F7335067-1893-458E-AF49-D61E574AA56F}.Release|Any CPU.ActiveCfg = Release|Any CPU
		{F7335067-1893-458E-AF49-D61E574AA56F}.Release|Any CPU.Build.0 = Release|Any CPU
	EndGlobalSection
	GlobalSection(SolutionProperties) = preSolution
		HideSolutionNode = FALSE
	EndGlobalSection
	GlobalSection(ExtensibilityGlobals) = postSolution
		SolutionGuid = {18B97610-9B3F-47AB-A4A6-6CED16D225DA}
	EndGlobalSection
EndGlobal
